
Microsoft Visual Studio Solution File, Format Version 12.00
# Visual Studio Version 16
VisualStudioVersion = 16.0.30011.22
MinimumVisualStudioVersion = 10.0.40219.1
Project("{FAE04EC0-301F-11D3-BF4B-00C04F79EFBC}") = "Heavy Industry", "Heavy Industry\Heavy Industry.csproj", "{16FE8639-482D-4C3E-9E14-DCB66CA3EC92}"
EndProject
Global
	GlobalSection(SolutionConfigurationPlatforms) = preSolution
		Debug|Any CPU = Debug|Any CPU
		Release|Any CPU = Release|Any CPU
	EndGlobalSection
	GlobalSection(ProjectConfigurationPlatforms) = postSolution
		{16FE8639-482D-4C3E-9E14-DCB66CA3EC92}.Debug|Any CPU.ActiveCfg = Debug|Any CPU
		{16FE8639-482D-4C3E-9E14-DCB66CA3EC92}.Debug|Any CPU.Build.0 = Debug|Any CPU
		{16FE8639-482D-4C3E-9E14-DCB66CA3EC92}.Release|Any CPU.ActiveCfg = Release|Any CPU
		{16FE8639-482D-4C3E-9E14-DCB66CA3EC92}.Release|Any CPU.Build.0 = Release|Any CPU
	EndGlobalSection
	GlobalSection(SolutionProperties) = preSolution
		HideSolutionNode = FALSE
	EndGlobalSection
	GlobalSection(ExtensibilityGlobals) = postSolution
		SolutionGuid = {D5872A68-7712-45F1-BFB8-5EF03DB6AE38}
	EndGlobalSection
EndGlobal
